// !$*UTF8*$!
{
	archiveVersion = 1;
	classes = {
	};
	objectVersion = 50;
	objects = {

/* Begin PBXBuildFile section */
		A7153247244CCA60001CF45F /* ExternalAccessory.framework in Frameworks */ = {isa = PBXBuildFile; fileRef = A7153246244CCA60001CF45F /* ExternalAccessory.framework */; };
		A715324A244CD8F7001CF45F /* TVShow.xcdatamodeld in Sources */ = {isa = PBXBuildFile; fileRef = A7153248244CD8F7001CF45F /* TVShow.xcdatamodeld */; };
		A7549627242DD2F000F4567D /* AppDelegate.swift in Sources */ = {isa = PBXBuildFile; fileRef = A7549626242DD2F000F4567D /* AppDelegate.swift */; };
		A7549629242DD2F000F4567D /* SceneDelegate.swift in Sources */ = {isa = PBXBuildFile; fileRef = A7549628242DD2F000F4567D /* SceneDelegate.swift */; };
		A754962D242DD2F400F4567D /* Assets.xcassets in Resources */ = {isa = PBXBuildFile; fileRef = A754962C242DD2F400F4567D /* Assets.xcassets */; };
		A7549630242DD2F400F4567D /* Preview Assets.xcassets in Resources */ = {isa = PBXBuildFile; fileRef = A754962F242DD2F400F4567D /* Preview Assets.xcassets */; };
		A7549633242DD2F400F4567D /* LaunchScreen.storyboard in Resources */ = {isa = PBXBuildFile; fileRef = A7549631242DD2F400F4567D /* LaunchScreen.storyboard */; };
		A754963E242DD2F400F4567D /* Covid19Tests.swift in Sources */ = {isa = PBXBuildFile; fileRef = A754963D242DD2F400F4567D /* Covid19Tests.swift */; };
		A754964C242E775900F4567D /* CovidCount.swift in Sources */ = {isa = PBXBuildFile; fileRef = A754964B242E775900F4567D /* CovidCount.swift */; };
		A754966E242FA7A000F4567D /* united-states.png in Resources */ = {isa = PBXBuildFile; fileRef = A7549664242FA7A000F4567D /* united-states.png */; };
		A754966F242FA7A000F4567D /* france.png in Resources */ = {isa = PBXBuildFile; fileRef = A7549665242FA7A000F4567D /* france.png */; };
		A7549670242FA7A000F4567D /* turkey.png in Resources */ = {isa = PBXBuildFile; fileRef = A7549666242FA7A000F4567D /* turkey.png */; };
		A7549671242FA7A000F4567D /* china.png in Resources */ = {isa = PBXBuildFile; fileRef = A7549667242FA7A000F4567D /* china.png */; };
		A7549672242FA7A000F4567D /* italy.png in Resources */ = {isa = PBXBuildFile; fileRef = A7549668242FA7A000F4567D /* italy.png */; };
		A7549673242FA7A000F4567D /* coronavirus.png in Resources */ = {isa = PBXBuildFile; fileRef = A7549669242FA7A000F4567D /* coronavirus.png */; };
		A7549674242FA7A000F4567D /* spain.png in Resources */ = {isa = PBXBuildFile; fileRef = A754966A242FA7A000F4567D /* spain.png */; };
		A7549675242FA7A000F4567D /* united-kingdom.png in Resources */ = {isa = PBXBuildFile; fileRef = A754966B242FA7A000F4567D /* united-kingdom.png */; };
		A7549676242FA7A000F4567D /* germany.png in Resources */ = {isa = PBXBuildFile; fileRef = A754966C242FA7A000F4567D /* germany.png */; };
		A7549677242FA7A000F4567D /* circular.png in Resources */ = {isa = PBXBuildFile; fileRef = A754966D242FA7A000F4567D /* circular.png */; };
		A77977C12435CD9E001E5486 /* CountryRow.swift in Sources */ = {isa = PBXBuildFile; fileRef = A77977C02435CD9E001E5486 /* CountryRow.swift */; };
		A77977C32435D400001E5486 /* CountryList.swift in Sources */ = {isa = PBXBuildFile; fileRef = A77977C22435D400001E5486 /* CountryList.swift */; };
		A77977C5243612B0001E5486 /* LoadData.swift in Sources */ = {isa = PBXBuildFile; fileRef = A77977C4243612B0001E5486 /* LoadData.swift */; };
		A7FF43CA2437141A00A5D7DC /* DetailedCovid.swift in Sources */ = {isa = PBXBuildFile; fileRef = A7FF43C92437141A00A5D7DC /* DetailedCovid.swift */; };
		A7FF43CC24371CF400A5D7DC /* DetailedCountry.swift in Sources */ = {isa = PBXBuildFile; fileRef = A7FF43CB24371CF400A5D7DC /* DetailedCountry.swift */; };
		A7FF43CE24372B3900A5D7DC /* TimeSeriesRow.swift in Sources */ = {isa = PBXBuildFile; fileRef = A7FF43CD24372B3900A5D7DC /* TimeSeriesRow.swift */; };
/* End PBXBuildFile section */

/* Begin PBXContainerItemProxy section */
		A754963A242DD2F400F4567D /* PBXContainerItemProxy */ = {
			isa = PBXContainerItemProxy;
			containerPortal = A754961B242DD2EF00F4567D /* Project object */;
			proxyType = 1;
			remoteGlobalIDString = A7549622242DD2EF00F4567D;
			remoteInfo = Covid19;
		};
/* End PBXContainerItemProxy section */

/* Begin PBXFileReference section */
		A7153244244CCA40001CF45F /* Covid19.entitlements */ = {isa = PBXFileReference; lastKnownFileType = text.plist.entitlements; path = Covid19.entitlements; sourceTree = "<group>"; };
		A7153246244CCA60001CF45F /* ExternalAccessory.framework */ = {isa = PBXFileReference; lastKnownFileType = wrapper.framework; name = ExternalAccessory.framework; path = System/Library/Frameworks/ExternalAccessory.framework; sourceTree = SDKROOT; };
		A7153249244CD8F7001CF45F /* TVShow.xcdatamodel */ = {isa = PBXFileReference; lastKnownFileType = wrapper.xcdatamodel; path = TVShow.xcdatamodel; sourceTree = "<group>"; };
		A7549623242DD2F000F4567D /* Covid19.app */ = {isa = PBXFileReference; explicitFileType = wrapper.application; includeInIndex = 0; path = Covid19.app; sourceTree = BUILT_PRODUCTS_DIR; };
		A7549626242DD2F000F4567D /* AppDelegate.swift */ = {isa = PBXFileReference; lastKnownFileType = sourcecode.swift; path = AppDelegate.swift; sourceTree = "<group>"; };
		A7549628242DD2F000F4567D /* SceneDelegate.swift */ = {isa = PBXFileReference; lastKnownFileType = sourcecode.swift; path = SceneDelegate.swift; sourceTree = "<group>"; };
		A754962C242DD2F400F4567D /* Assets.xcassets */ = {isa = PBXFileReference; lastKnownFileType = folder.assetcatalog; path = Assets.xcassets; sourceTree = "<group>"; };
		A754962F242DD2F400F4567D /* Preview Assets.xcassets */ = {isa = PBXFileReference; lastKnownFileType = folder.assetcatalog; path = "Preview Assets.xcassets"; sourceTree = "<group>"; };
		A7549632242DD2F400F4567D /* Base */ = {isa = PBXFileReference; lastKnownFileType = file.storyboard; name = Base; path = Base.lproj/LaunchScreen.storyboard; sourceTree = "<group>"; };
		A7549634242DD2F400F4567D /* Info.plist */ = {isa = PBXFileReference; lastKnownFileType = text.plist.xml; path = Info.plist; sourceTree = "<group>"; };
		A7549639242DD2F400F4567D /* Covid19Tests.xctest */ = {isa = PBXFileReference; explicitFileType = wrapper.cfbundle; includeInIndex = 0; path = Covid19Tests.xctest; sourceTree = BUILT_PRODUCTS_DIR; };
		A754963D242DD2F400F4567D /* Covid19Tests.swift */ = {isa = PBXFileReference; lastKnownFileType = sourcecode.swift; path = Covid19Tests.swift; sourceTree = "<group>"; };
		A754963F242DD2F400F4567D /* Info.plist */ = {isa = PBXFileReference; lastKnownFileType = text.plist.xml; path = Info.plist; sourceTree = "<group>"; };
		A754964B242E775900F4567D /* CovidCount.swift */ = {isa = PBXFileReference; lastKnownFileType = sourcecode.swift; path = CovidCount.swift; sourceTree = "<group>"; };
		A7549664242FA7A000F4567D /* united-states.png */ = {isa = PBXFileReference; lastKnownFileType = image.png; name = "united-states.png"; path = "../../../../Desktop/icons/united-states.png"; sourceTree = "<group>"; };
		A7549665242FA7A000F4567D /* france.png */ = {isa = PBXFileReference; lastKnownFileType = image.png; name = france.png; path = ../../../../Desktop/icons/france.png; sourceTree = "<group>"; };
		A7549666242FA7A000F4567D /* turkey.png */ = {isa = PBXFileReference; lastKnownFileType = image.png; name = turkey.png; path = ../../../../Desktop/icons/turkey.png; sourceTree = "<group>"; };
		A7549667242FA7A000F4567D /* china.png */ = {isa = PBXFileReference; lastKnownFileType = image.png; name = china.png; path = ../../../../Desktop/icons/china.png; sourceTree = "<group>"; };
		A7549668242FA7A000F4567D /* italy.png */ = {isa = PBXFileReference; lastKnownFileType = image.png; name = italy.png; path = ../../../../Desktop/icons/italy.png; sourceTree = "<group>"; };
		A7549669242FA7A000F4567D /* coronavirus.png */ = {isa = PBXFileReference; lastKnownFileType = image.png; name = coronavirus.png; path = ../../../../Desktop/icons/coronavirus.png; sourceTree = "<group>"; };
		A754966A242FA7A000F4567D /* spain.png */ = {isa = PBXFileReference; lastKnownFileType = image.png; name = spain.png; path = ../../../../Desktop/icons/spain.png; sourceTree = "<group>"; };
		A754966B242FA7A000F4567D /* united-kingdom.png */ = {isa = PBXFileReference; lastKnownFileType = image.png; name = "united-kingdom.png"; path = "../../../../Desktop/icons/united-kingdom.png"; sourceTree = "<group>"; };
		A754966C242FA7A000F4567D /* germany.png */ = {isa = PBXFileReference; lastKnownFileType = image.png; name = germany.png; path = ../../../../Desktop/icons/germany.png; sourceTree = "<group>"; };
		A754966D242FA7A000F4567D /* circular.png */ = {isa = PBXFileReference; lastKnownFileType = image.png; name = circular.png; path = ../../../../Desktop/icons/circular.png; sourceTree = "<group>"; };
		A77977C02435CD9E001E5486 /* CountryRow.swift */ = {isa = PBXFileReference; lastKnownFileType = sourcecode.swift; path = CountryRow.swift; sourceTree = "<group>"; };
		A77977C22435D400001E5486 /* CountryList.swift */ = {isa = PBXFileReference; lastKnownFileType = sourcecode.swift; path = CountryList.swift; sourceTree = "<group>"; };
		A77977C4243612B0001E5486 /* LoadData.swift */ = {isa = PBXFileReference; lastKnownFileType = sourcecode.swift; path = LoadData.swift; sourceTree = "<group>"; };
		A7FF43C92437141A00A5D7DC /* DetailedCovid.swift */ = {isa = PBXFileReference; lastKnownFileType = sourcecode.swift; path = DetailedCovid.swift; sourceTree = "<group>"; };
		A7FF43CB24371CF400A5D7DC /* DetailedCountry.swift */ = {isa = PBXFileReference; lastKnownFileType = sourcecode.swift; path = DetailedCountry.swift; sourceTree = "<group>"; };
		A7FF43CD24372B3900A5D7DC /* TimeSeriesRow.swift */ = {isa = PBXFileReference; lastKnownFileType = sourcecode.swift; path = TimeSeriesRow.swift; sourceTree = "<group>"; };
/* End PBXFileReference section */

/* Begin PBXFrameworksBuildPhase section */
		A7549620242DD2EF00F4567D /* Frameworks */ = {
			isa = PBXFrameworksBuildPhase;
			buildActionMask = 2147483647;
			files = (
				A7153247244CCA60001CF45F /* ExternalAccessory.framework in Frameworks */,
			);
			runOnlyForDeploymentPostprocessing = 0;
		};
		A7549636242DD2F400F4567D /* Frameworks */ = {
			isa = PBXFrameworksBuildPhase;
			buildActionMask = 2147483647;
			files = (
			);
			runOnlyForDeploymentPostprocessing = 0;
		};
/* End PBXFrameworksBuildPhase section */

/* Begin PBXGroup section */
		A7153245244CCA60001CF45F /* Frameworks */ = {
			isa = PBXGroup;
			children = (
				A7153246244CCA60001CF45F /* ExternalAccessory.framework */,
			);
			name = Frameworks;
			sourceTree = "<group>";
		};
		A754961A242DD2EF00F4567D = {
			isa = PBXGroup;
			children = (
				A7153248244CD8F7001CF45F /* TVShow.xcdatamodeld */,
				A7549625242DD2F000F4567D /* Covid19 */,
				A754963C242DD2F400F4567D /* Covid19Tests */,
				A7549624242DD2F000F4567D /* Products */,
				A7153245244CCA60001CF45F /* Frameworks */,
			);
			sourceTree = "<group>";
		};
		A7549624242DD2F000F4567D /* Products */ = {
			isa = PBXGroup;
			children = (
				A7549623242DD2F000F4567D /* Covid19.app */,
				A7549639242DD2F400F4567D /* Covid19Tests.xctest */,
			);
			name = Products;
			sourceTree = "<group>";
		};
		A7549625242DD2F000F4567D /* Covid19 */ = {
			isa = PBXGroup;
			children = (
				A7153244244CCA40001CF45F /* Covid19.entitlements */,
				A754964D242F67A500F4567D /* Resources */,
				A7549648242E770D00F4567D /* Models */,
				A7549626242DD2F000F4567D /* AppDelegate.swift */,
				A7549628242DD2F000F4567D /* SceneDelegate.swift */,
				A77977C22435D400001E5486 /* CountryList.swift */,
				A77977C02435CD9E001E5486 /* CountryRow.swift */,
				A7FF43CB24371CF400A5D7DC /* DetailedCountry.swift */,
				A7FF43CD24372B3900A5D7DC /* TimeSeriesRow.swift */,
				A754962C242DD2F400F4567D /* Assets.xcassets */,
				A7549631242DD2F400F4567D /* LaunchScreen.storyboard */,
				A7549634242DD2F400F4567D /* Info.plist */,
				A754962E242DD2F400F4567D /* Preview Content */,
			);
			path = Covid19;
			sourceTree = "<group>";
		};
		A754962E242DD2F400F4567D /* Preview Content */ = {
			isa = PBXGroup;
			children = (
				A754962F242DD2F400F4567D /* Preview Assets.xcassets */,
			);
			path = "Preview Content";
			sourceTree = "<group>";
		};
		A754963C242DD2F400F4567D /* Covid19Tests */ = {
			isa = PBXGroup;
			children = (
				A754963D242DD2F400F4567D /* Covid19Tests.swift */,
				A754963F242DD2F400F4567D /* Info.plist */,
			);
			path = Covid19Tests;
			sourceTree = "<group>";
		};
		A7549648242E770D00F4567D /* Models */ = {
			isa = PBXGroup;
			children = (
				A754964B242E775900F4567D /* CovidCount.swift */,
				A77977C4243612B0001E5486 /* LoadData.swift */,
				A7FF43C92437141A00A5D7DC /* DetailedCovid.swift */,
			);
			path = Models;
			sourceTree = "<group>";
		};
		A754964D242F67A500F4567D /* Resources */ = {
			isa = PBXGroup;
			children = (
				A7549667242FA7A000F4567D /* china.png */,
				A754966D242FA7A000F4567D /* circular.png */,
				A7549669242FA7A000F4567D /* coronavirus.png */,
				A7549665242FA7A000F4567D /* france.png */,
				A754966C242FA7A000F4567D /* germany.png */,
				A7549668242FA7A000F4567D /* italy.png */,
				A754966A242FA7A000F4567D /* spain.png */,
				A7549666242FA7A000F4567D /* turkey.png */,
				A754966B242FA7A000F4567D /* united-kingdom.png */,
				A7549664242FA7A000F4567D /* united-states.png */,
			);
			path = Resources;
			sourceTree = "<group>";
		};
/* End PBXGroup section */

/* Begin PBXNativeTarget section */
		A7549622242DD2EF00F4567D /* Covid19 */ = {
			isa = PBXNativeTarget;
			buildConfigurationList = A7549642242DD2F400F4567D /* Build configuration list for PBXNativeTarget "Covid19" */;
			buildPhases = (
				A754961F242DD2EF00F4567D /* Sources */,
				A7549620242DD2EF00F4567D /* Frameworks */,
				A7549621242DD2EF00F4567D /* Resources */,
			);
			buildRules = (
			);
			dependencies = (
			);
			name = Covid19;
			productName = Covid19;
			productReference = A7549623242DD2F000F4567D /* Covid19.app */;
			productType = "com.apple.product-type.application";
		};
		A7549638242DD2F400F4567D /* Covid19Tests */ = {
			isa = PBXNativeTarget;
			buildConfigurationList = A7549645242DD2F400F4567D /* Build configuration list for PBXNativeTarget "Covid19Tests" */;
			buildPhases = (
				A7549635242DD2F400F4567D /* Sources */,
				A7549636242DD2F400F4567D /* Frameworks */,
				A7549637242DD2F400F4567D /* Resources */,
			);
			buildRules = (
			);
			dependencies = (
				A754963B242DD2F400F4567D /* PBXTargetDependency */,
			);
			name = Covid19Tests;
			productName = Covid19Tests;
			productReference = A7549639242DD2F400F4567D /* Covid19Tests.xctest */;
			productType = "com.apple.product-type.bundle.unit-test";
		};
/* End PBXNativeTarget section */

/* Begin PBXProject section */
		A754961B242DD2EF00F4567D /* Project object */ = {
			isa = PBXProject;
			attributes = {
				LastSwiftUpdateCheck = 1140;
				LastUpgradeCheck = 1140;
				ORGANIZATIONNAME = "Umut Kazan";
				TargetAttributes = {
					A7549622242DD2EF00F4567D = {
						CreatedOnToolsVersion = 11.4;
					};
					A7549638242DD2F400F4567D = {
						CreatedOnToolsVersion = 11.4;
						TestTargetID = A7549622242DD2EF00F4567D;
					};
				};
			};
			buildConfigurationList = A754961E242DD2EF00F4567D /* Build configuration list for PBXProject "Covid19" */;
			compatibilityVersion = "Xcode 9.3";
			developmentRegion = en;
			hasScannedForEncodings = 0;
			knownRegions = (
				en,
				Base,
			);
			mainGroup = A754961A242DD2EF00F4567D;
			productRefGroup = A7549624242DD2F000F4567D /* Products */;
			projectDirPath = "";
			projectRoot = "";
			targets = (
				A7549622242DD2EF00F4567D /* Covid19 */,
				A7549638242DD2F400F4567D /* Covid19Tests */,
			);
		};
/* End PBXProject section */

/* Begin PBXResourcesBuildPhase section */
		A7549621242DD2EF00F4567D /* Resources */ = {
			isa = PBXResourcesBuildPhase;
			buildActionMask = 2147483647;
			files = (
				A7549671242FA7A000F4567D /* china.png in Resources */,
				A7549673242FA7A000F4567D /* coronavirus.png in Resources */,
				A754966F242FA7A000F4567D /* france.png in Resources */,
				A7549633242DD2F400F4567D /* LaunchScreen.storyboard in Resources */,
				A7549630242DD2F400F4567D /* Preview Assets.xcassets in Resources */,
				A754966E242FA7A000F4567D /* united-states.png in Resources */,
				A754962D242DD2F400F4567D /* Assets.xcassets in Resources */,
				A7549670242FA7A000F4567D /* turkey.png in Resources */,
				A7549672242FA7A000F4567D /* italy.png in Resources */,
				A7549676242FA7A000F4567D /* germany.png in Resources */,
				A7549677242FA7A000F4567D /* circular.png in Resources */,
				A7549675242FA7A000F4567D /* united-kingdom.png in Resources */,
				A7549674242FA7A000F4567D /* spain.png in Resources */,
			);
			runOnlyForDeploymentPostprocessing = 0;
		};
		A7549637242DD2F400F4567D /* Resources */ = {
			isa = PBXResourcesBuildPhase;
			buildActionMask = 2147483647;
			files = (
			);
			runOnlyForDeploymentPostprocessing = 0;
		};
/* End PBXResourcesBuildPhase section */

/* Begin PBXSourcesBuildPhase section */
		A754961F242DD2EF00F4567D /* Sources */ = {
			isa = PBXSourcesBuildPhase;
			buildActionMask = 2147483647;
			files = (
				A7FF43CE24372B3900A5D7DC /* TimeSeriesRow.swift in Sources */,
				A7549627242DD2F000F4567D /* AppDelegate.swift in Sources */,
				A77977C5243612B0001E5486 /* LoadData.swift in Sources */,
				A7FF43CC24371CF400A5D7DC /* DetailedCountry.swift in Sources */,
				A754964C242E775900F4567D /* CovidCount.swift in Sources */,
				A77977C32435D400001E5486 /* CountryList.swift in Sources */,
				A77977C12435CD9E001E5486 /* CountryRow.swift in Sources */,
				A7549629242DD2F000F4567D /* SceneDelegate.swift in Sources */,
				A715324A244CD8F7001CF45F /* TVShow.xcdatamodeld in Sources */,
				A7FF43CA2437141A00A5D7DC /* DetailedCovid.swift in Sources */,
			);
			runOnlyForDeploymentPostprocessing = 0;
		};
		A7549635242DD2F400F4567D /* Sources */ = {
			isa = PBXSourcesBuildPhase;
			buildActionMask = 2147483647;
			files = (
				A754963E242DD2F400F4567D /* Covid19Tests.swift in Sources */,
			);
			runOnlyForDeploymentPostprocessing = 0;
		};
/* End PBXSourcesBuildPhase section */

/* Begin PBXTargetDependency section */
		A754963B242DD2F400F4567D /* PBXTargetDependency */ = {
			isa = PBXTargetDependency;
			target = A7549622242DD2EF00F4567D /* Covid19 */;
			targetProxy = A754963A242DD2F400F4567D /* PBXContainerItemProxy */;
		};
/* End PBXTargetDependency section */

/* Begin PBXVariantGroup section */
		A7549631242DD2F400F4567D /* LaunchScreen.storyboard */ = {
			isa = PBXVariantGroup;
			children = (
				A7549632242DD2F400F4567D /* Base */,
			);
			name = LaunchScreen.storyboard;
			sourceTree = "<group>";
		};
/* End PBXVariantGroup section */

/* Begin XCBuildConfiguration section */
		A7549640242DD2F400F4567D /* Debug */ = {
			isa = XCBuildConfiguration;
			buildSettings = {
				ALWAYS_SEARCH_USER_PATHS = NO;
				CLANG_ANALYZER_NONNULL = YES;
				CLANG_ANALYZER_NUMBER_OBJECT_CONVERSION = YES_AGGRESSIVE;
				CLANG_CXX_LANGUAGE_STANDARD = "gnu++14";
				CLANG_CXX_LIBRARY = "libc++";
				CLANG_ENABLE_MODULES = YES;
				CLANG_ENABLE_OBJC_ARC = YES;
				CLANG_ENABLE_OBJC_WEAK = YES;
				CLANG_WARN_BLOCK_CAPTURE_AUTORELEASING = YES;
				CLANG_WARN_BOOL_CONVERSION = YES;
				CLANG_WARN_COMMA = YES;
				CLANG_WARN_CONSTANT_CONVERSION = YES;
				CLANG_WARN_DEPRECATED_OBJC_IMPLEMENTATIONS = YES;
				CLANG_WARN_DIRECT_OBJC_ISA_USAGE = YES_ERROR;
				CLANG_WARN_DOCUMENTATION_COMMENTS = YES;
				CLANG_WARN_EMPTY_BODY = YES;
				CLANG_WARN_ENUM_CONVERSION = YES;
				CLANG_WARN_INFINITE_RECURSION = YES;
				CLANG_WARN_INT_CONVERSION = YES;
				CLANG_WARN_NON_LITERAL_NULL_CONVERSION = YES;
				CLANG_WARN_OBJC_IMPLICIT_RETAIN_SELF = YES;
				CLANG_WARN_OBJC_LITERAL_CONVERSION = YES;
				CLANG_WARN_OBJC_ROOT_CLASS = YES_ERROR;
				CLANG_WARN_RANGE_LOOP_ANALYSIS = YES;
				CLANG_WARN_STRICT_PROTOTYPES = YES;
				CLANG_WARN_SUSPICIOUS_MOVE = YES;
				CLANG_WARN_UNGUARDED_AVAILABILITY = YES_AGGRESSIVE;
				CLANG_WARN_UNREACHABLE_CODE = YES;
				CLANG_WARN__DUPLICATE_METHOD_MATCH = YES;
				COPY_PHASE_STRIP = NO;
				DEBUG_INFORMATION_FORMAT = dwarf;
				ENABLE_STRICT_OBJC_MSGSEND = YES;
				ENABLE_TESTABILITY = YES;
				GCC_C_LANGUAGE_STANDARD = gnu11;
				GCC_DYNAMIC_NO_PIC = NO;
				GCC_NO_COMMON_BLOCKS = YES;
				GCC_OPTIMIZATION_LEVEL = 0;
				GCC_PREPROCESSOR_DEFINITIONS = (
					"DEBUG=1",
					"$(inherited)",
				);
				GCC_WARN_64_TO_32_BIT_CONVERSION = YES;
				GCC_WARN_ABOUT_RETURN_TYPE = YES_ERROR;
				GCC_WARN_UNDECLARED_SELECTOR = YES;
				GCC_WARN_UNINITIALIZED_AUTOS = YES_AGGRESSIVE;
				GCC_WARN_UNUSED_FUNCTION = YES;
				GCC_WARN_UNUSED_VARIABLE = YES;
				IPHONEOS_DEPLOYMENT_TARGET = 13.4;
				MTL_ENABLE_DEBUG_INFO = INCLUDE_SOURCE;
				MTL_FAST_MATH = YES;
				ONLY_ACTIVE_ARCH = YES;
				SDKROOT = iphoneos;
				SWIFT_ACTIVE_COMPILATION_CONDITIONS = DEBUG;
				SWIFT_OPTIMIZATION_LEVEL = "-Onone";
			};
			name = Debug;
		};
		A7549641242DD2F400F4567D /* Release */ = {
			isa = XCBuildConfiguration;
			buildSettings = {
				ALWAYS_SEARCH_USER_PATHS = NO;
				CLANG_ANALYZER_NONNULL = YES;
				CLANG_ANALYZER_NUMBER_OBJECT_CONVERSION = YES_AGGRESSIVE;
				CLANG_CXX_LANGUAGE_STANDARD = "gnu++14";
				CLANG_CXX_LIBRARY = "libc++";
				CLANG_ENABLE_MODULES = YES;
				CLANG_ENABLE_OBJC_ARC = YES;
				CLANG_ENABLE_OBJC_WEAK = YES;
				CLANG_WARN_BLOCK_CAPTURE_AUTORELEASING = YES;
				CLANG_WARN_BOOL_CONVERSION = YES;
				CLANG_WARN_COMMA = YES;
				CLANG_WARN_CONSTANT_CONVERSION = YES;
				CLANG_WARN_DEPRECATED_OBJC_IMPLEMENTATIONS = YES;
				CLANG_WARN_DIRECT_OBJC_ISA_USAGE = YES_ERROR;
				CLANG_WARN_DOCUMENTATION_COMMENTS = YES;
				CLANG_WARN_EMPTY_BODY = YES;
				CLANG_WARN_ENUM_CONVERSION = YES;
				CLANG_WARN_INFINITE_RECURSION = YES;
				CLANG_WARN_INT_CONVERSION = YES;
				CLANG_WARN_NON_LITERAL_NULL_CONVERSION = YES;
				CLANG_WARN_OBJC_IMPLICIT_RETAIN_SELF = YES;
				CLANG_WARN_OBJC_LITERAL_CONVERSION = YES;
				CLANG_WARN_OBJC_ROOT_CLASS = YES_ERROR;
				CLANG_WARN_RANGE_LOOP_ANALYSIS = YES;
				CLANG_WARN_STRICT_PROTOTYPES = YES;
				CLANG_WARN_SUSPICIOUS_MOVE = YES;
				CLANG_WARN_UNGUARDED_AVAILABILITY = YES_AGGRESSIVE;
				CLANG_WARN_UNREACHABLE_CODE = YES;
				CLANG_WARN__DUPLICATE_METHOD_MATCH = YES;
				COPY_PHASE_STRIP = NO;
				DEBUG_INFORMATION_FORMAT = "dwarf-with-dsym";
				ENABLE_NS_ASSERTIONS = NO;
				ENABLE_STRICT_OBJC_MSGSEND = YES;
				GCC_C_LANGUAGE_STANDARD = gnu11;
				GCC_NO_COMMON_BLOCKS = YES;
				GCC_WARN_64_TO_32_BIT_CONVERSION = YES;
				GCC_WARN_ABOUT_RETURN_TYPE = YES_ERROR;
				GCC_WARN_UNDECLARED_SELECTOR = YES;
				GCC_WARN_UNINITIALIZED_AUTOS = YES_AGGRESSIVE;
				GCC_WARN_UNUSED_FUNCTION = YES;
				GCC_WARN_UNUSED_VARIABLE = YES;
				IPHONEOS_DEPLOYMENT_TARGET = 13.4;
				MTL_ENABLE_DEBUG_INFO = NO;
				MTL_FAST_MATH = YES;
				SDKROOT = iphoneos;
				SWIFT_COMPILATION_MODE = wholemodule;
				SWIFT_OPTIMIZATION_LEVEL = "-O";
				VALIDATE_PRODUCT = YES;
			};
			name = Release;
		};
		A7549643242DD2F400F4567D /* Debug */ = {
			isa = XCBuildConfiguration;
			buildSettings = {
				ASSETCATALOG_COMPILER_APPICON_NAME = AppIcon;
				CODE_SIGN_ENTITLEMENTS = Covid19/Covid19.entitlements;
				CODE_SIGN_STYLE = Automatic;
				DEVELOPMENT_ASSET_PATHS = "\"Covid19/Preview Content\"";
				DEVELOPMENT_TEAM = CD723HT6S4;
				ENABLE_PREVIEWS = YES;
				HEADER_SEARCH_PATHS = (
					"$(inherited)",
					"\"${PODS_CONFIGURATION_BUILD_DIR}/MongoSwift/MongoSwift.framework/Headers\"",
					"\"$(SOURCE_ROOT)/Pods/**\"/**",
				);
				INFOPLIST_FILE = Covid19/Info.plist;
				LD_RUNPATH_SEARCH_PATHS = (
					"$(inherited)",
					"@executable_path/Frameworks",
				);
				PRODUCT_BUNDLE_IDENTIFIER = com.humutkazan.Covid19Uniq;
				PRODUCT_NAME = "$(TARGET_NAME)";
				SWIFT_VERSION = 5.0;
				TARGETED_DEVICE_FAMILY = "1,2";
			};
			name = Debug;
		};
		A7549644242DD2F400F4567D /* Release */ = {
			isa = XCBuildConfiguration;
			buildSettings = {
				ASSETCATALOG_COMPILER_APPICON_NAME = AppIcon;
				CODE_SIGN_ENTITLEMENTS = Covid19/Covid19.entitlements;
				CODE_SIGN_STYLE = Automatic;
				DEVELOPMENT_ASSET_PATHS = "\"Covid19/Preview Content\"";
				DEVELOPMENT_TEAM = CD723HT6S4;
				ENABLE_PREVIEWS = YES;
				HEADER_SEARCH_PATHS = (
					"$(inherited)",
					"\"${PODS_CONFIGURATION_BUILD_DIR}/MongoSwift/MongoSwift.framework/Headers\"",
					"\"$(SOURCE_ROOT)/Pods/**\"/**",
				);
				INFOPLIST_FILE = Covid19/Info.plist;
				LD_RUNPATH_SEARCH_PATHS = (
					"$(inherited)",
					"@executable_path/Frameworks",
				);
				PRODUCT_BUNDLE_IDENTIFIER = com.humutkazan.Covid19Uniq;
				PRODUCT_NAME = "$(TARGET_NAME)";
				SWIFT_VERSION = 5.0;
				TARGETED_DEVICE_FAMILY = "1,2";
			};
			name = Release;
		};
		A7549646242DD2F400F4567D /* Debug */ = {
			isa = XCBuildConfiguration;
			buildSettings = {
				ALWAYS_EMBED_SWIFT_STANDARD_LIBRARIES = YES;
				BUNDLE_LOADER = "$(TEST_HOST)";
				CODE_SIGN_STYLE = Automatic;
				DEVELOPMENT_TEAM = HBPJUZL567;
				INFOPLIST_FILE = Covid19Tests/Info.plist;
				IPHONEOS_DEPLOYMENT_TARGET = 13.4;
				LD_RUNPATH_SEARCH_PATHS = (
					"$(inherited)",
					"@executable_path/Frameworks",
					"@loader_path/Frameworks",
				);
				PRODUCT_BUNDLE_IDENTIFIER = com.humutkazan.Covid19Tests;
				PRODUCT_NAME = "$(TARGET_NAME)";
				SWIFT_VERSION = 5.0;
				TARGETED_DEVICE_FAMILY = "1,2";
				TEST_HOST = "$(BUILT_PRODUCTS_DIR)/Covid19.app/Covid19";
			};
			name = Debug;
		};
		A7549647242DD2F400F4567D /* Release */ = {
			isa = XCBuildConfiguration;
			buildSettings = {
				ALWAYS_EMBED_SWIFT_STANDARD_LIBRARIES = YES;
				BUNDLE_LOADER = "$(TEST_HOST)";
				CODE_SIGN_STYLE = Automatic;
				DEVELOPMENT_TEAM = HBPJUZL567;
				INFOPLIST_FILE = Covid19Tests/Info.plist;
				IPHONEOS_DEPLOYMENT_TARGET = 13.4;
				LD_RUNPATH_SEARCH_PATHS = (
					"$(inherited)",
					"@executable_path/Frameworks",
					"@loader_path/Frameworks",
				);
				PRODUCT_BUNDLE_IDENTIFIER = com.humutkazan.Covid19Tests;
				PRODUCT_NAME = "$(TARGET_NAME)";
				SWIFT_VERSION = 5.0;
				TARGETED_DEVICE_FAMILY = "1,2";
				TEST_HOST = "$(BUILT_PRODUCTS_DIR)/Covid19.app/Covid19";
			};
			name = Release;
		};
/* End XCBuildConfiguration section */

/* Begin XCConfigurationList section */
		A754961E242DD2EF00F4567D /* Build configuration list for PBXProject "Covid19" */ = {
			isa = XCConfigurationList;
			buildConfigurations = (
				A7549640242DD2F400F4567D /* Debug */,
				A7549641242DD2F400F4567D /* Release */,
			);
			defaultConfigurationIsVisible = 0;
			defaultConfigurationName = Release;
		};
		A7549642242DD2F400F4567D /* Build configuration list for PBXNativeTarget "Covid19" */ = {
			isa = XCConfigurationList;
			buildConfigurations = (
				A7549643242DD2F400F4567D /* Debug */,
				A7549644242DD2F400F4567D /* Release */,
			);
			defaultConfigurationIsVisible = 0;
			defaultConfigurationName = Release;
		};
		A7549645242DD2F400F4567D /* Build configuration list for PBXNativeTarget "Covid19Tests" */ = {
			isa = XCConfigurationList;
			buildConfigurations = (
				A7549646242DD2F400F4567D /* Debug */,
				A7549647242DD2F400F4567D /* Release */,
			);
			defaultConfigurationIsVisible = 0;
			defaultConfigurationName = Release;
		};
/* End XCConfigurationList section */

/* Begin XCVersionGroup section */
		A7153248244CD8F7001CF45F /* TVShow.xcdatamodeld */ = {
			isa = XCVersionGroup;
			children = (
				A7153249244CD8F7001CF45F /* TVShow.xcdatamodel */,
			);
			currentVersion = A7153249244CD8F7001CF45F /* TVShow.xcdatamodel */;
			path = TVShow.xcdatamodeld;
			sourceTree = "<group>";
			versionGroupType = wrapper.xcdatamodel;
		};
/* End XCVersionGroup section */
	};
	rootObject = A754961B242DD2EF00F4567D /* Project object */;
}
